
Microsoft Visual Studio Solution File, Format Version 11.00
# Visual Studio 2010
Project("{FAE04EC0-301F-11D3-BF4B-00C04F79EFBC}") = "RemoteServer", "RemoteServer.csproj", "{F36B8A07-4C52-423C-B10B-B0714822B9DB}"
EndProject
Global
	GlobalSection(SolutionConfigurationPlatforms) = preSolution
		Debug|Any CPU = Debug|Any CPU
		Release|Any CPU = Release|Any CPU
	EndGlobalSection
	GlobalSection(ProjectConfigurationPlatforms) = postSolution
		{F36B8A07-4C52-423C-B10B-B0714822B9DB}.Debug|Any CPU.ActiveCfg = Debug|Any CPU
		{F36B8A07-4C52-423C-B10B-B0714822B9DB}.Debug|Any CPU.Build.0 = Debug|Any CPU
		{F36B8A07-4C52-423C-B10B-B0714822B9DB}.Release|Any CPU.ActiveCfg = Release|Any CPU
		{F36B8A07-4C52-423C-B10B-B0714822B9DB}.Release|Any CPU.Build.0 = Release|Any CPU
	EndGlobalSection
	GlobalSection(SolutionProperties) = preSolution
		HideSolutionNode = FALSE
	EndGlobalSection
EndGlobal
